
Microsoft Visual Studio Solution File, Format Version 12.00
# Visual Studio Version 17
VisualStudioVersion = 17.2.32630.192
MinimumVisualStudioVersion = 10.0.40219.1
Project("{9A19103F-16F7-4668-BE54-9A1E7A4F7556}") = "F10Y.L0062", "F10Y.L0062\F10Y.L0062.csproj", "{CDC8B2FC-F0C5-4B10-B549-715369EFB762}"
EndProject
Project("{2150E333-8FDC-42A3-9474-1A3956D46DE8}") = "_Dependencies", "_Dependencies", "{071512D3-2643-443B-A636-5C33D6B6BC29}"
EndProject
Project("{9A19103F-16F7-4668-BE54-9A1E7A4F7556}") = "F10Y.L0000", "..\..\F10Y.L0000\source\F10Y.L0000\F10Y.L0000.csproj", "{0F10E99F-4951-4A6F-9F1B-E9D50C25FE0B}"
EndProject
Project("{9A19103F-16F7-4668-BE54-9A1E7A4F7556}") = "F10Y.L0060", "..\..\F10Y.L0060\source\F10Y.L0060\F10Y.L0060.csproj", "{3A60A27E-11BA-4D2F-BE68-42867B32102C}"
EndProject
Project("{9A19103F-16F7-4668-BE54-9A1E7A4F7556}") = "F10Y.T0000", "..\..\F10Y.T0000\source\F10Y.T0000\F10Y.T0000.csproj", "{3C9A8B31-687B-4441-A8D2-82B21D918675}"
EndProject
Project("{9A19103F-16F7-4668-BE54-9A1E7A4F7556}") = "F10Y.T0001", "..\..\F10Y.T0001\source\F10Y.T0001\F10Y.T0001.csproj", "{2874F0F2-D88E-499E-A458-69A175866CC2}"
EndProject
Project("{9A19103F-16F7-4668-BE54-9A1E7A4F7556}") = "F10Y.T0002", "..\..\F10Y.T0002\source\F10Y.T0002\F10Y.T0002.csproj", "{35EA0160-BC5E-48AD-B971-9C138192ECDF}"
EndProject
Project("{9A19103F-16F7-4668-BE54-9A1E7A4F7556}") = "F10Y.T0003", "..\..\F10Y.T0003\source\F10Y.T0003\F10Y.T0003.csproj", "{1B74666B-8A60-4D05-8DB7-7A942A3BBBBF}"
EndProject
Project("{9A19103F-16F7-4668-BE54-9A1E7A4F7556}") = "F10Y.T0011", "..\..\F10Y.T0011\source\F10Y.T0011\F10Y.T0011.csproj", "{FA59FF5E-6401-42CE-9775-ECBC532E4D01}"
EndProject
Project("{9A19103F-16F7-4668-BE54-9A1E7A4F7556}") = "F10Y.Y0000", "..\..\F10Y.Y0000\source\F10Y.Y0000\F10Y.Y0000.csproj", "{410D04C4-7E87-403B-8CE6-37D44A1FEA4B}"
EndProject
Project("{9A19103F-16F7-4668-BE54-9A1E7A4F7556}") = "F10Y.L0001.L001", "..\..\F10Y.L0001\source\F10Y.L0001.L001\F10Y.L0001.L001.csproj", "{52A23BB9-D691-46BF-BD87-81CD505348F1}"
EndProject
Project("{9A19103F-16F7-4668-BE54-9A1E7A4F7556}") = "F10Y.L0001.T000", "..\..\F10Y.L0001\source\F10Y.L0001.T000\F10Y.L0001.T000.csproj", "{EAD69CB2-EE81-472B-96C7-BAA0B0AD7818}"
EndProject
Project("{9A19103F-16F7-4668-BE54-9A1E7A4F7556}") = "F10Y.L0001.Z000", "..\..\F10Y.L0001\source\F10Y.L0001.Z000\F10Y.L0001.Z000.csproj", "{A54533D0-CDB6-4A97-86C7-C1FD366308F5}"
EndProject
Project("{9A19103F-16F7-4668-BE54-9A1E7A4F7556}") = "F10Y.L0001", "..\..\F10Y.L0001\source\F10Y.L0001\F10Y.L0001.csproj", "{9ED584C8-23CC-4942-88BD-9873648FFFCD}"
EndProject
Project("{9A19103F-16F7-4668-BE54-9A1E7A4F7556}") = "F10Y.L0005", "..\..\F10Y.L0005\source\F10Y.L0005\F10Y.L0005.csproj", "{8298572D-1FE4-4113-9806-C43C592F7CB8}"
EndProject
Project("{9A19103F-16F7-4668-BE54-9A1E7A4F7556}") = "F10Y.T0004", "..\..\F10Y.T0004\source\F10Y.T0004\F10Y.T0004.csproj", "{F551B984-BB76-43D9-BCF5-C394213C3587}"
EndProject
Project("{9A19103F-16F7-4668-BE54-9A1E7A4F7556}") = "F10Y.L0001.L002", "..\..\F10Y.L0001\source\F10Y.L0001.L002\F10Y.L0001.L002.csproj", "{0166DAFD-C4E6-4F12-A1F2-7ECCF5D5C69A}"
EndProject
Project("{9A19103F-16F7-4668-BE54-9A1E7A4F7556}") = "F10Y.L0005.T001", "..\..\F10Y.L0005\source\F10Y.L0005.T001\F10Y.L0005.T001.csproj", "{AB88CC50-6490-4C72-A860-062468CCC21C}"
EndProject
Project("{9A19103F-16F7-4668-BE54-9A1E7A4F7556}") = "F10Y.L0062.L001", "F10Y.L0062.L001\F10Y.L0062.L001.csproj", "{142F6D84-C244-4B76-A87B-E6D5A8B71CE0}"
EndProject
Project("{9A19103F-16F7-4668-BE54-9A1E7A4F7556}") = "F10Y.L0062.L002", "F10Y.L0062.L002\F10Y.L0062.L002.csproj", "{3B048CFA-650A-4B22-A5CD-8FE63B65FF3C}"
EndProject
Project("{9A19103F-16F7-4668-BE54-9A1E7A4F7556}") = "F10Y.L0062.L003", "F10Y.L0062.L003\F10Y.L0062.L003.csproj", "{21FB3877-6C0C-4632-993F-49706F7057FC}"
EndProject
Project("{9A19103F-16F7-4668-BE54-9A1E7A4F7556}") = "F10Y.L0062.T001", "F10Y.L0062.T001\F10Y.L0062.T001.csproj", "{60F0E2DB-AC91-464E-9F14-47D64D9C230B}"
EndProject
Project("{9A19103F-16F7-4668-BE54-9A1E7A4F7556}") = "F10Y.T0009", "..\..\F10Y.T0009\source\F10Y.T0009\F10Y.T0009.csproj", "{452D2171-9C4D-488A-B4B3-AB635F6BD050}"
EndProject
Project("{9A19103F-16F7-4668-BE54-9A1E7A4F7556}") = "F10Y.L0001.L000", "..\..\F10Y.L0001\source\F10Y.L0001.L000\F10Y.L0001.L000.csproj", "{3D0888C4-2CED-4A60-AD1D-C1EC51D1678B}"
EndProject
Project("{9A19103F-16F7-4668-BE54-9A1E7A4F7556}") = "F10Y.L0001.L003", "..\..\F10Y.L0001\source\F10Y.L0001.L003\F10Y.L0001.L003.csproj", "{98A522F0-D1D7-49D0-BF01-393F3F14590D}"
EndProject
Project("{9A19103F-16F7-4668-BE54-9A1E7A4F7556}") = "F10Y.L0001.L004", "..\..\F10Y.L0001\source\F10Y.L0001.L004\F10Y.L0001.L004.csproj", "{C4DD6CE3-4C5B-4B0C-89DB-6EFCB6D53541}"
EndProject
Project("{9A19103F-16F7-4668-BE54-9A1E7A4F7556}") = "F10Y.L0001.T001", "..\..\F10Y.L0001\source\F10Y.L0001.T001\F10Y.L0001.T001.csproj", "{C7C35C10-B8E4-404E-9ACA-607456BBD017}"
EndProject
Project("{9A19103F-16F7-4668-BE54-9A1E7A4F7556}") = "F10Y.L0001.X000", "..\..\F10Y.L0001\source\F10Y.L0001.X000\F10Y.L0001.X000.csproj", "{8016F13B-7591-4B36-8B31-846ECF6B8E1E}"
EndProject
Project("{9A19103F-16F7-4668-BE54-9A1E7A4F7556}") = "F10Y.L0005.L003", "..\..\F10Y.L0005\source\F10Y.L0005.L003\F10Y.L0005.L003.csproj", "{04045BEE-625B-4CC7-9394-200C4561A438}"
EndProject
Project("{9A19103F-16F7-4668-BE54-9A1E7A4F7556}") = "F10Y.L0062.L001.T000", "F10Y.L0062.L001.T000\F10Y.L0062.L001.T000.csproj", "{6C49291E-C482-434E-B29E-CA4F7012F6CD}"
EndProject
Project("{9A19103F-16F7-4668-BE54-9A1E7A4F7556}") = "F10Y.L0062.L002.T000", "F10Y.L0062.L002.T000\F10Y.L0062.L002.T000.csproj", "{28766686-65A2-40A1-A9D1-41ECF1B1D7E8}"
EndProject
Project("{9A19103F-16F7-4668-BE54-9A1E7A4F7556}") = "F10Y.L0062.L002.Z000", "F10Y.L0062.L002.Z000\F10Y.L0062.L002.Z000.csproj", "{2645BA64-8999-4376-A12B-83AA42A73D5C}"
EndProject
Project("{9A19103F-16F7-4668-BE54-9A1E7A4F7556}") = "F10Y.L0005.L004.T000", "..\..\F10Y.L0005\source\F10Y.L0005.L004.T000\F10Y.L0005.L004.T000.csproj", "{833BD2C9-2A36-4705-B6E3-8738A83B1ECB}"
EndProject
Project("{9A19103F-16F7-4668-BE54-9A1E7A4F7556}") = "F10Y.L0005.L004", "..\..\F10Y.L0005\source\F10Y.L0005.L004\F10Y.L0005.L004.csproj", "{8DCA979B-C604-4220-A655-6538AC0F57BF}"
EndProject
Project("{9A19103F-16F7-4668-BE54-9A1E7A4F7556}") = "F10Y.L0062.L004", "F10Y.L0062.L004\F10Y.L0062.L004.csproj", "{8581F4CD-69F8-47AD-8C18-3807BA1C67AA}"
EndProject
Global
	GlobalSection(NestedProjects) = preSolution
		{0F10E99F-4951-4A6F-9F1B-E9D50C25FE0B} = {071512D3-2643-443B-A636-5C33D6B6BC29}
		{3A60A27E-11BA-4D2F-BE68-42867B32102C} = {071512D3-2643-443B-A636-5C33D6B6BC29}
		{3C9A8B31-687B-4441-A8D2-82B21D918675} = {071512D3-2643-443B-A636-5C33D6B6BC29}
		{2874F0F2-D88E-499E-A458-69A175866CC2} = {071512D3-2643-443B-A636-5C33D6B6BC29}
		{35EA0160-BC5E-48AD-B971-9C138192ECDF} = {071512D3-2643-443B-A636-5C33D6B6BC29}
		{1B74666B-8A60-4D05-8DB7-7A942A3BBBBF} = {071512D3-2643-443B-A636-5C33D6B6BC29}
		{FA59FF5E-6401-42CE-9775-ECBC532E4D01} = {071512D3-2643-443B-A636-5C33D6B6BC29}
		{410D04C4-7E87-403B-8CE6-37D44A1FEA4B} = {071512D3-2643-443B-A636-5C33D6B6BC29}
		{52A23BB9-D691-46BF-BD87-81CD505348F1} = {071512D3-2643-443B-A636-5C33D6B6BC29}
		{EAD69CB2-EE81-472B-96C7-BAA0B0AD7818} = {071512D3-2643-443B-A636-5C33D6B6BC29}
		{A54533D0-CDB6-4A97-86C7-C1FD366308F5} = {071512D3-2643-443B-A636-5C33D6B6BC29}
		{9ED584C8-23CC-4942-88BD-9873648FFFCD} = {071512D3-2643-443B-A636-5C33D6B6BC29}
		{8298572D-1FE4-4113-9806-C43C592F7CB8} = {071512D3-2643-443B-A636-5C33D6B6BC29}
		{F551B984-BB76-43D9-BCF5-C394213C3587} = {071512D3-2643-443B-A636-5C33D6B6BC29}
		{0166DAFD-C4E6-4F12-A1F2-7ECCF5D5C69A} = {071512D3-2643-443B-A636-5C33D6B6BC29}
		{AB88CC50-6490-4C72-A860-062468CCC21C} = {071512D3-2643-443B-A636-5C33D6B6BC29}
		{452D2171-9C4D-488A-B4B3-AB635F6BD050} = {071512D3-2643-443B-A636-5C33D6B6BC29}
		{3D0888C4-2CED-4A60-AD1D-C1EC51D1678B} = {071512D3-2643-443B-A636-5C33D6B6BC29}
		{98A522F0-D1D7-49D0-BF01-393F3F14590D} = {071512D3-2643-443B-A636-5C33D6B6BC29}
		{C4DD6CE3-4C5B-4B0C-89DB-6EFCB6D53541} = {071512D3-2643-443B-A636-5C33D6B6BC29}
		{C7C35C10-B8E4-404E-9ACA-607456BBD017} = {071512D3-2643-443B-A636-5C33D6B6BC29}
		{8016F13B-7591-4B36-8B31-846ECF6B8E1E} = {071512D3-2643-443B-A636-5C33D6B6BC29}
		{04045BEE-625B-4CC7-9394-200C4561A438} = {071512D3-2643-443B-A636-5C33D6B6BC29}
		{6C49291E-C482-434E-B29E-CA4F7012F6CD} = {071512D3-2643-443B-A636-5C33D6B6BC29}
		{28766686-65A2-40A1-A9D1-41ECF1B1D7E8} = {071512D3-2643-443B-A636-5C33D6B6BC29}
		{2645BA64-8999-4376-A12B-83AA42A73D5C} = {071512D3-2643-443B-A636-5C33D6B6BC29}
		{833BD2C9-2A36-4705-B6E3-8738A83B1ECB} = {071512D3-2643-443B-A636-5C33D6B6BC29}
		{8DCA979B-C604-4220-A655-6538AC0F57BF} = {071512D3-2643-443B-A636-5C33D6B6BC29}
		{8581F4CD-69F8-47AD-8C18-3807BA1C67AA} = {071512D3-2643-443B-A636-5C33D6B6BC29}
	EndGlobalSection
	GlobalSection(SolutionConfigurationPlatforms) = preSolution
		Debug|Any CPU = Debug|Any CPU
		Release|Any CPU = Release|Any CPU
	EndGlobalSection
	GlobalSection(ProjectConfigurationPlatforms) = postSolution
		{CDC8B2FC-F0C5-4B10-B549-715369EFB762}.Debug|Any CPU.ActiveCfg = Debug|Any CPU
		{CDC8B2FC-F0C5-4B10-B549-715369EFB762}.Debug|Any CPU.Build.0 = Debug|Any CPU
		{CDC8B2FC-F0C5-4B10-B549-715369EFB762}.Release|Any CPU.ActiveCfg = Release|Any CPU
		{CDC8B2FC-F0C5-4B10-B549-715369EFB762}.Release|Any CPU.Build.0 = Release|Any CPU
		{0F10E99F-4951-4A6F-9F1B-E9D50C25FE0B}.Debug|Any CPU.ActiveCfg = Debug|Any CPU
		{0F10E99F-4951-4A6F-9F1B-E9D50C25FE0B}.Debug|Any CPU.Build.0 = Debug|Any CPU
		{0F10E99F-4951-4A6F-9F1B-E9D50C25FE0B}.Release|Any CPU.ActiveCfg = Release|Any CPU
		{0F10E99F-4951-4A6F-9F1B-E9D50C25FE0B}.Release|Any CPU.Build.0 = Release|Any CPU
		{3A60A27E-11BA-4D2F-BE68-42867B32102C}.Debug|Any CPU.ActiveCfg = Debug|Any CPU
		{3A60A27E-11BA-4D2F-BE68-42867B32102C}.Debug|Any CPU.Build.0 = Debug|Any CPU
		{3A60A27E-11BA-4D2F-BE68-42867B32102C}.Release|Any CPU.ActiveCfg = Release|Any CPU
		{3A60A27E-11BA-4D2F-BE68-42867B32102C}.Release|Any CPU.Build.0 = Release|Any CPU
		{3C9A8B31-687B-4441-A8D2-82B21D918675}.Debug|Any CPU.ActiveCfg = Debug|Any CPU
		{3C9A8B31-687B-4441-A8D2-82B21D918675}.Debug|Any CPU.Build.0 = Debug|Any CPU
		{3C9A8B31-687B-4441-A8D2-82B21D918675}.Release|Any CPU.ActiveCfg = Release|Any CPU
		{3C9A8B31-687B-4441-A8D2-82B21D918675}.Release|Any CPU.Build.0 = Release|Any CPU
		{2874F0F2-D88E-499E-A458-69A175866CC2}.Debug|Any CPU.ActiveCfg = Debug|Any CPU
		{2874F0F2-D88E-499E-A458-69A175866CC2}.Debug|Any CPU.Build.0 = Debug|Any CPU
		{2874F0F2-D88E-499E-A458-69A175866CC2}.Release|Any CPU.ActiveCfg = Release|Any CPU
		{2874F0F2-D88E-499E-A458-69A175866CC2}.Release|Any CPU.Build.0 = Release|Any CPU
		{35EA0160-BC5E-48AD-B971-9C138192ECDF}.Debug|Any CPU.ActiveCfg = Debug|Any CPU
		{35EA0160-BC5E-48AD-B971-9C138192ECDF}.Debug|Any CPU.Build.0 = Debug|Any CPU
		{35EA0160-BC5E-48AD-B971-9C138192ECDF}.Release|Any CPU.ActiveCfg = Release|Any CPU
		{35EA0160-BC5E-48AD-B971-9C138192ECDF}.Release|Any CPU.Build.0 = Release|Any CPU
		{1B74666B-8A60-4D05-8DB7-7A942A3BBBBF}.Debug|Any CPU.ActiveCfg = Debug|Any CPU
		{1B74666B-8A60-4D05-8DB7-7A942A3BBBBF}.Debug|Any CPU.Build.0 = Debug|Any CPU
		{1B74666B-8A60-4D05-8DB7-7A942A3BBBBF}.Release|Any CPU.ActiveCfg = Release|Any CPU
		{1B74666B-8A60-4D05-8DB7-7A942A3BBBBF}.Release|Any CPU.Build.0 = Release|Any CPU
		{FA59FF5E-6401-42CE-9775-ECBC532E4D01}.Debug|Any CPU.ActiveCfg = Debug|Any CPU
		{FA59FF5E-6401-42CE-9775-ECBC532E4D01}.Debug|Any CPU.Build.0 = Debug|Any CPU
		{FA59FF5E-6401-42CE-9775-ECBC532E4D01}.Release|Any CPU.ActiveCfg = Release|Any CPU
		{FA59FF5E-6401-42CE-9775-ECBC532E4D01}.Release|Any CPU.Build.0 = Release|Any CPU
		{410D04C4-7E87-403B-8CE6-37D44A1FEA4B}.Debug|Any CPU.ActiveCfg = Debug|Any CPU
		{410D04C4-7E87-403B-8CE6-37D44A1FEA4B}.Debug|Any CPU.Build.0 = Debug|Any CPU
		{410D04C4-7E87-403B-8CE6-37D44A1FEA4B}.Release|Any CPU.ActiveCfg = Release|Any CPU
		{410D04C4-7E87-403B-8CE6-37D44A1FEA4B}.Release|Any CPU.Build.0 = Release|Any CPU
		{52A23BB9-D691-46BF-BD87-81CD505348F1}.Debug|Any CPU.ActiveCfg = Debug|Any CPU
		{52A23BB9-D691-46BF-BD87-81CD505348F1}.Debug|Any CPU.Build.0 = Debug|Any CPU
		{52A23BB9-D691-46BF-BD87-81CD505348F1}.Release|Any CPU.ActiveCfg = Release|Any CPU
		{52A23BB9-D691-46BF-BD87-81CD505348F1}.Release|Any CPU.Build.0 = Release|Any CPU
		{EAD69CB2-EE81-472B-96C7-BAA0B0AD7818}.Debug|Any CPU.ActiveCfg = Debug|Any CPU
		{EAD69CB2-EE81-472B-96C7-BAA0B0AD7818}.Debug|Any CPU.Build.0 = Debug|Any CPU
		{EAD69CB2-EE81-472B-96C7-BAA0B0AD7818}.Release|Any CPU.ActiveCfg = Release|Any CPU
		{EAD69CB2-EE81-472B-96C7-BAA0B0AD7818}.Release|Any CPU.Build.0 = Release|Any CPU
		{A54533D0-CDB6-4A97-86C7-C1FD366308F5}.Debug|Any CPU.ActiveCfg = Debug|Any CPU
		{A54533D0-CDB6-4A97-86C7-C1FD366308F5}.Debug|Any CPU.Build.0 = Debug|Any CPU
		{A54533D0-CDB6-4A97-86C7-C1FD366308F5}.Release|Any CPU.ActiveCfg = Release|Any CPU
		{A54533D0-CDB6-4A97-86C7-C1FD366308F5}.Release|Any CPU.Build.0 = Release|Any CPU
		{9ED584C8-23CC-4942-88BD-9873648FFFCD}.Debug|Any CPU.ActiveCfg = Debug|Any CPU
		{9ED584C8-23CC-4942-88BD-9873648FFFCD}.Debug|Any CPU.Build.0 = Debug|Any CPU
		{9ED584C8-23CC-4942-88BD-9873648FFFCD}.Release|Any CPU.ActiveCfg = Release|Any CPU
		{9ED584C8-23CC-4942-88BD-9873648FFFCD}.Release|Any CPU.Build.0 = Release|Any CPU
		{8298572D-1FE4-4113-9806-C43C592F7CB8}.Debug|Any CPU.ActiveCfg = Debug|Any CPU
		{8298572D-1FE4-4113-9806-C43C592F7CB8}.Debug|Any CPU.Build.0 = Debug|Any CPU
		{8298572D-1FE4-4113-9806-C43C592F7CB8}.Release|Any CPU.ActiveCfg = Release|Any CPU
		{8298572D-1FE4-4113-9806-C43C592F7CB8}.Release|Any CPU.Build.0 = Release|Any CPU
		{F551B984-BB76-43D9-BCF5-C394213C3587}.Debug|Any CPU.ActiveCfg = Debug|Any CPU
		{F551B984-BB76-43D9-BCF5-C394213C3587}.Debug|Any CPU.Build.0 = Debug|Any CPU
		{F551B984-BB76-43D9-BCF5-C394213C3587}.Release|Any CPU.ActiveCfg = Release|Any CPU
		{F551B984-BB76-43D9-BCF5-C394213C3587}.Release|Any CPU.Build.0 = Release|Any CPU
		{0166DAFD-C4E6-4F12-A1F2-7ECCF5D5C69A}.Debug|Any CPU.ActiveCfg = Debug|Any CPU
		{0166DAFD-C4E6-4F12-A1F2-7ECCF5D5C69A}.Debug|Any CPU.Build.0 = Debug|Any CPU
		{0166DAFD-C4E6-4F12-A1F2-7ECCF5D5C69A}.Release|Any CPU.ActiveCfg = Release|Any CPU
		{0166DAFD-C4E6-4F12-A1F2-7ECCF5D5C69A}.Release|Any CPU.Build.0 = Release|Any CPU
		{AB88CC50-6490-4C72-A860-062468CCC21C}.Debug|Any CPU.ActiveCfg = Debug|Any CPU
		{AB88CC50-6490-4C72-A860-062468CCC21C}.Debug|Any CPU.Build.0 = Debug|Any CPU
		{AB88CC50-6490-4C72-A860-062468CCC21C}.Release|Any CPU.ActiveCfg = Release|Any CPU
		{AB88CC50-6490-4C72-A860-062468CCC21C}.Release|Any CPU.Build.0 = Release|Any CPU
		{142F6D84-C244-4B76-A87B-E6D5A8B71CE0}.Debug|Any CPU.ActiveCfg = Debug|Any CPU
		{142F6D84-C244-4B76-A87B-E6D5A8B71CE0}.Debug|Any CPU.Build.0 = Debug|Any CPU
		{142F6D84-C244-4B76-A87B-E6D5A8B71CE0}.Release|Any CPU.ActiveCfg = Release|Any CPU
		{142F6D84-C244-4B76-A87B-E6D5A8B71CE0}.Release|Any CPU.Build.0 = Release|Any CPU
		{3B048CFA-650A-4B22-A5CD-8FE63B65FF3C}.Debug|Any CPU.ActiveCfg = Debug|Any CPU
		{3B048CFA-650A-4B22-A5CD-8FE63B65FF3C}.Debug|Any CPU.Build.0 = Debug|Any CPU
		{3B048CFA-650A-4B22-A5CD-8FE63B65FF3C}.Release|Any CPU.ActiveCfg = Release|Any CPU
		{3B048CFA-650A-4B22-A5CD-8FE63B65FF3C}.Release|Any CPU.Build.0 = Release|Any CPU
		{21FB3877-6C0C-4632-993F-49706F7057FC}.Debug|Any CPU.ActiveCfg = Debug|Any CPU
		{21FB3877-6C0C-4632-993F-49706F7057FC}.Debug|Any CPU.Build.0 = Debug|Any CPU
		{21FB3877-6C0C-4632-993F-49706F7057FC}.Release|Any CPU.ActiveCfg = Release|Any CPU
		{21FB3877-6C0C-4632-993F-49706F7057FC}.Release|Any CPU.Build.0 = Release|Any CPU
		{60F0E2DB-AC91-464E-9F14-47D64D9C230B}.Debug|Any CPU.ActiveCfg = Debug|Any CPU
		{60F0E2DB-AC91-464E-9F14-47D64D9C230B}.Debug|Any CPU.Build.0 = Debug|Any CPU
		{60F0E2DB-AC91-464E-9F14-47D64D9C230B}.Release|Any CPU.ActiveCfg = Release|Any CPU
		{60F0E2DB-AC91-464E-9F14-47D64D9C230B}.Release|Any CPU.Build.0 = Release|Any CPU
		{452D2171-9C4D-488A-B4B3-AB635F6BD050}.Debug|Any CPU.ActiveCfg = Debug|Any CPU
		{452D2171-9C4D-488A-B4B3-AB635F6BD050}.Debug|Any CPU.Build.0 = Debug|Any CPU
		{452D2171-9C4D-488A-B4B3-AB635F6BD050}.Release|Any CPU.ActiveCfg = Release|Any CPU
		{452D2171-9C4D-488A-B4B3-AB635F6BD050}.Release|Any CPU.Build.0 = Release|Any CPU
		{3D0888C4-2CED-4A60-AD1D-C1EC51D1678B}.Debug|Any CPU.ActiveCfg = Debug|Any CPU
		{3D0888C4-2CED-4A60-AD1D-C1EC51D1678B}.Debug|Any CPU.Build.0 = Debug|Any CPU
		{3D0888C4-2CED-4A60-AD1D-C1EC51D1678B}.Release|Any CPU.ActiveCfg = Release|Any CPU
		{3D0888C4-2CED-4A60-AD1D-C1EC51D1678B}.Release|Any CPU.Build.0 = Release|Any CPU
		{98A522F0-D1D7-49D0-BF01-393F3F14590D}.Debug|Any CPU.ActiveCfg = Debug|Any CPU
		{98A522F0-D1D7-49D0-BF01-393F3F14590D}.Debug|Any CPU.Build.0 = Debug|Any CPU
		{98A522F0-D1D7-49D0-BF01-393F3F14590D}.Release|Any CPU.ActiveCfg = Release|Any CPU
		{98A522F0-D1D7-49D0-BF01-393F3F14590D}.Release|Any CPU.Build.0 = Release|Any CPU
		{C4DD6CE3-4C5B-4B0C-89DB-6EFCB6D53541}.Debug|Any CPU.ActiveCfg = Debug|Any CPU
		{C4DD6CE3-4C5B-4B0C-89DB-6EFCB6D53541}.Debug|Any CPU.Build.0 = Debug|Any CPU
		{C4DD6CE3-4C5B-4B0C-89DB-6EFCB6D53541}.Release|Any CPU.ActiveCfg = Release|Any CPU
		{C4DD6CE3-4C5B-4B0C-89DB-6EFCB6D53541}.Release|Any CPU.Build.0 = Release|Any CPU
		{C7C35C10-B8E4-404E-9ACA-607456BBD017}.Debug|Any CPU.ActiveCfg = Debug|Any CPU
		{C7C35C10-B8E4-404E-9ACA-607456BBD017}.Debug|Any CPU.Build.0 = Debug|Any CPU
		{C7C35C10-B8E4-404E-9ACA-607456BBD017}.Release|Any CPU.ActiveCfg = Release|Any CPU
		{C7C35C10-B8E4-404E-9ACA-607456BBD017}.Release|Any CPU.Build.0 = Release|Any CPU
		{8016F13B-7591-4B36-8B31-846ECF6B8E1E}.Debug|Any CPU.ActiveCfg = Debug|Any CPU
		{8016F13B-7591-4B36-8B31-846ECF6B8E1E}.Debug|Any CPU.Build.0 = Debug|Any CPU
		{8016F13B-7591-4B36-8B31-846ECF6B8E1E}.Release|Any CPU.ActiveCfg = Release|Any CPU
		{8016F13B-7591-4B36-8B31-846ECF6B8E1E}.Release|Any CPU.Build.0 = Release|Any CPU
		{04045BEE-625B-4CC7-9394-200C4561A438}.Debug|Any CPU.ActiveCfg = Debug|Any CPU
		{04045BEE-625B-4CC7-9394-200C4561A438}.Debug|Any CPU.Build.0 = Debug|Any CPU
		{04045BEE-625B-4CC7-9394-200C4561A438}.Release|Any CPU.ActiveCfg = Release|Any CPU
		{04045BEE-625B-4CC7-9394-200C4561A438}.Release|Any CPU.Build.0 = Release|Any CPU
		{6C49291E-C482-434E-B29E-CA4F7012F6CD}.Debug|Any CPU.ActiveCfg = Debug|Any CPU
		{6C49291E-C482-434E-B29E-CA4F7012F6CD}.Debug|Any CPU.Build.0 = Debug|Any CPU
		{6C49291E-C482-434E-B29E-CA4F7012F6CD}.Release|Any CPU.ActiveCfg = Release|Any CPU
		{6C49291E-C482-434E-B29E-CA4F7012F6CD}.Release|Any CPU.Build.0 = Release|Any CPU
		{28766686-65A2-40A1-A9D1-41ECF1B1D7E8}.Debug|Any CPU.ActiveCfg = Debug|Any CPU
		{28766686-65A2-40A1-A9D1-41ECF1B1D7E8}.Debug|Any CPU.Build.0 = Debug|Any CPU
		{28766686-65A2-40A1-A9D1-41ECF1B1D7E8}.Release|Any CPU.ActiveCfg = Release|Any CPU
		{28766686-65A2-40A1-A9D1-41ECF1B1D7E8}.Release|Any CPU.Build.0 = Release|Any CPU
		{2645BA64-8999-4376-A12B-83AA42A73D5C}.Debug|Any CPU.ActiveCfg = Debug|Any CPU
		{2645BA64-8999-4376-A12B-83AA42A73D5C}.Debug|Any CPU.Build.0 = Debug|Any CPU
		{2645BA64-8999-4376-A12B-83AA42A73D5C}.Release|Any CPU.ActiveCfg = Release|Any CPU
		{2645BA64-8999-4376-A12B-83AA42A73D5C}.Release|Any CPU.Build.0 = Release|Any CPU
		{833BD2C9-2A36-4705-B6E3-8738A83B1ECB}.Debug|Any CPU.ActiveCfg = Debug|Any CPU
		{833BD2C9-2A36-4705-B6E3-8738A83B1ECB}.Debug|Any CPU.Build.0 = Debug|Any CPU
		{833BD2C9-2A36-4705-B6E3-8738A83B1ECB}.Release|Any CPU.ActiveCfg = Release|Any CPU
		{833BD2C9-2A36-4705-B6E3-8738A83B1ECB}.Release|Any CPU.Build.0 = Release|Any CPU
		{8DCA979B-C604-4220-A655-6538AC0F57BF}.Debug|Any CPU.ActiveCfg = Debug|Any CPU
		{8DCA979B-C604-4220-A655-6538AC0F57BF}.Debug|Any CPU.Build.0 = Debug|Any CPU
		{8DCA979B-C604-4220-A655-6538AC0F57BF}.Release|Any CPU.ActiveCfg = Release|Any CPU
		{8DCA979B-C604-4220-A655-6538AC0F57BF}.Release|Any CPU.Build.0 = Release|Any CPU
		{8581F4CD-69F8-47AD-8C18-3807BA1C67AA}.Debug|Any CPU.ActiveCfg = Debug|Any CPU
		{8581F4CD-69F8-47AD-8C18-3807BA1C67AA}.Debug|Any CPU.Build.0 = Debug|Any CPU
		{8581F4CD-69F8-47AD-8C18-3807BA1C67AA}.Release|Any CPU.ActiveCfg = Release|Any CPU
		{8581F4CD-69F8-47AD-8C18-3807BA1C67AA}.Release|Any CPU.Build.0 = Release|Any CPU
	EndGlobalSection
	GlobalSection(SolutionProperties) = preSolution
		HideSolutionNode = FALSE
	EndGlobalSection
	GlobalSection(ExtensibilityGlobals) = postSolution
		SolutionGuid = {D57D46A4-749E-4877-8DEF-E6A45F9BB0E8}
	EndGlobalSection
EndGlobal
