
Microsoft Visual Studio Solution File, Format Version 12.00
# Visual Studio Version 17
VisualStudioVersion = 17.2.32630.192
MinimumVisualStudioVersion = 10.0.40219.1
Project("{9A19103F-16F7-4668-BE54-9A1E7A4F7556}") = "F10Y.L0062.Construction", "F10Y.L0062.Construction\F10Y.L0062.Construction.csproj", "{7EF58E0A-4D64-453C-9FA0-7154EEEFA6AA}"
EndProject
Project("{9A19103F-16F7-4668-BE54-9A1E7A4F7556}") = "F10Y.L0062", "F10Y.L0062\F10Y.L0062.csproj", "{B7CBD8D1-268A-4B94-8689-65C37301E831}"
EndProject
Project("{2150E333-8FDC-42A3-9474-1A3956D46DE8}") = "_Dependencies", "_Dependencies", "{5830EBA2-99DE-4FED-9CE4-7C94A20FD79C}"
EndProject
Project("{9A19103F-16F7-4668-BE54-9A1E7A4F7556}") = "F10Y.L0000", "..\..\F10Y.L0000\source\F10Y.L0000\F10Y.L0000.csproj", "{D682A8D6-F052-4A1C-805B-CFB72D458004}"
EndProject
Project("{9A19103F-16F7-4668-BE54-9A1E7A4F7556}") = "F10Y.L0060", "..\..\F10Y.L0060\source\F10Y.L0060\F10Y.L0060.csproj", "{FA042DCC-3073-4A40-A7C3-631111B1AB26}"
EndProject
Project("{9A19103F-16F7-4668-BE54-9A1E7A4F7556}") = "F10Y.T0000", "..\..\F10Y.T0000\source\F10Y.T0000\F10Y.T0000.csproj", "{F76CE847-9FA2-472E-8161-3508DAEFCD3C}"
EndProject
Project("{9A19103F-16F7-4668-BE54-9A1E7A4F7556}") = "F10Y.T0001", "..\..\F10Y.T0001\source\F10Y.T0001\F10Y.T0001.csproj", "{04B56433-9097-4599-B528-6B01B2B2FEEC}"
EndProject
Project("{9A19103F-16F7-4668-BE54-9A1E7A4F7556}") = "F10Y.T0002", "..\..\F10Y.T0002\source\F10Y.T0002\F10Y.T0002.csproj", "{4E0D98C1-5BE9-40D3-8A24-D7BFCED7C407}"
EndProject
Project("{9A19103F-16F7-4668-BE54-9A1E7A4F7556}") = "F10Y.T0003", "..\..\F10Y.T0003\source\F10Y.T0003\F10Y.T0003.csproj", "{410BA747-9E92-4BA0-A58F-1B6593D23605}"
EndProject
Project("{9A19103F-16F7-4668-BE54-9A1E7A4F7556}") = "F10Y.T0011", "..\..\F10Y.T0011\source\F10Y.T0011\F10Y.T0011.csproj", "{B2FA6758-59D2-4D8C-A4EC-4DF23CFD9A88}"
EndProject
Project("{9A19103F-16F7-4668-BE54-9A1E7A4F7556}") = "F10Y.Y0000", "..\..\F10Y.Y0000\source\F10Y.Y0000\F10Y.Y0000.csproj", "{B6C45EA0-366E-4EAC-A79D-BB637717B588}"
EndProject
Project("{9A19103F-16F7-4668-BE54-9A1E7A4F7556}") = "F10Y.L0062.L001", "F10Y.L0062.L001\F10Y.L0062.L001.csproj", "{DFA78B65-60FB-43DC-92B4-74E5EF73BAD6}"
EndProject
Project("{9A19103F-16F7-4668-BE54-9A1E7A4F7556}") = "F10Y.T0009", "..\..\F10Y.T0009\source\F10Y.T0009\F10Y.T0009.csproj", "{ACDA99D8-20FA-416F-B82E-EAD9734C5091}"
EndProject
Project("{9A19103F-16F7-4668-BE54-9A1E7A4F7556}") = "F10Y.T0004", "..\..\F10Y.T0004\source\F10Y.T0004\F10Y.T0004.csproj", "{7AAA4D4B-D04D-4F1B-8D4D-1104BCAA8C43}"
EndProject
Project("{9A19103F-16F7-4668-BE54-9A1E7A4F7556}") = "F10Y.L0062.L002", "F10Y.L0062.L002\F10Y.L0062.L002.csproj", "{A35A80A9-B309-4C02-A795-3F559D9FD43F}"
EndProject
Project("{9A19103F-16F7-4668-BE54-9A1E7A4F7556}") = "F10Y.L0062.L003", "F10Y.L0062.L003\F10Y.L0062.L003.csproj", "{863AA367-5C08-4E47-99B5-E916B961FEDE}"
EndProject
Project("{9A19103F-16F7-4668-BE54-9A1E7A4F7556}") = "F10Y.L0062.T001", "F10Y.L0062.T001\F10Y.L0062.T001.csproj", "{581C0DF1-2507-41F6-B35B-FD6766B311A2}"
EndProject
Project("{9A19103F-16F7-4668-BE54-9A1E7A4F7556}") = "F10Y.L0001.L001", "..\..\F10Y.L0001\source\F10Y.L0001.L001\F10Y.L0001.L001.csproj", "{0A714433-28A9-4085-8C65-CAB5041CFB9C}"
EndProject
Project("{9A19103F-16F7-4668-BE54-9A1E7A4F7556}") = "F10Y.L0001.T000", "..\..\F10Y.L0001\source\F10Y.L0001.T000\F10Y.L0001.T000.csproj", "{9396BC13-C1A4-4410-B656-7EC21FE7DF60}"
EndProject
Project("{9A19103F-16F7-4668-BE54-9A1E7A4F7556}") = "F10Y.L0001.Z000", "..\..\F10Y.L0001\source\F10Y.L0001.Z000\F10Y.L0001.Z000.csproj", "{63B96EA3-AF75-4A82-990C-869065845528}"
EndProject
Project("{9A19103F-16F7-4668-BE54-9A1E7A4F7556}") = "F10Y.L0001", "..\..\F10Y.L0001\source\F10Y.L0001\F10Y.L0001.csproj", "{12EC212C-A9E1-493B-BEFC-A8C9EF4ED297}"
EndProject
Project("{9A19103F-16F7-4668-BE54-9A1E7A4F7556}") = "F10Y.L0005", "..\..\F10Y.L0005\source\F10Y.L0005\F10Y.L0005.csproj", "{F80209FC-2EE2-4DFE-8D99-7F0D7ECD0DA7}"
EndProject
Project("{9A19103F-16F7-4668-BE54-9A1E7A4F7556}") = "F10Y.L0005.T001", "..\..\F10Y.L0005\source\F10Y.L0005.T001\F10Y.L0005.T001.csproj", "{7E018370-A3FA-44B6-BCF2-2F6BBE9BBBE0}"
EndProject
Project("{9A19103F-16F7-4668-BE54-9A1E7A4F7556}") = "F10Y.L0062.L001.T000", "F10Y.L0062.L001.T000\F10Y.L0062.L001.T000.csproj", "{1FA0D643-ADBB-4188-B5AD-21F1044463CF}"
EndProject
Project("{9A19103F-16F7-4668-BE54-9A1E7A4F7556}") = "F10Y.L0001.L002", "..\..\F10Y.L0001\source\F10Y.L0001.L002\F10Y.L0001.L002.csproj", "{4414BF0F-9FAE-4996-BF60-D1FB8730EA81}"
EndProject
Project("{9A19103F-16F7-4668-BE54-9A1E7A4F7556}") = "F10Y.L0062.L002.T000", "F10Y.L0062.L002.T000\F10Y.L0062.L002.T000.csproj", "{595F857C-7685-4BD6-BABB-398DEF879B70}"
EndProject
Project("{9A19103F-16F7-4668-BE54-9A1E7A4F7556}") = "F10Y.L0062.L003.T000", "F10Y.L0062.L003.T000\F10Y.L0062.L003.T000.csproj", "{C8C792B1-5D36-4E43-86DF-C289B2144665}"
EndProject
Project("{9A19103F-16F7-4668-BE54-9A1E7A4F7556}") = "F10Y.L0062.L002.Z000", "F10Y.L0062.L002.Z000\F10Y.L0062.L002.Z000.csproj", "{DF0C0C42-E820-42C0-864A-CF22581DEAD9}"
EndProject
Global
	GlobalSection(NestedProjects) = preSolution
		{D682A8D6-F052-4A1C-805B-CFB72D458004} = {5830EBA2-99DE-4FED-9CE4-7C94A20FD79C}
		{FA042DCC-3073-4A40-A7C3-631111B1AB26} = {5830EBA2-99DE-4FED-9CE4-7C94A20FD79C}
		{F76CE847-9FA2-472E-8161-3508DAEFCD3C} = {5830EBA2-99DE-4FED-9CE4-7C94A20FD79C}
		{04B56433-9097-4599-B528-6B01B2B2FEEC} = {5830EBA2-99DE-4FED-9CE4-7C94A20FD79C}
		{4E0D98C1-5BE9-40D3-8A24-D7BFCED7C407} = {5830EBA2-99DE-4FED-9CE4-7C94A20FD79C}
		{410BA747-9E92-4BA0-A58F-1B6593D23605} = {5830EBA2-99DE-4FED-9CE4-7C94A20FD79C}
		{B2FA6758-59D2-4D8C-A4EC-4DF23CFD9A88} = {5830EBA2-99DE-4FED-9CE4-7C94A20FD79C}
		{B6C45EA0-366E-4EAC-A79D-BB637717B588} = {5830EBA2-99DE-4FED-9CE4-7C94A20FD79C}
		{ACDA99D8-20FA-416F-B82E-EAD9734C5091} = {5830EBA2-99DE-4FED-9CE4-7C94A20FD79C}
		{7AAA4D4B-D04D-4F1B-8D4D-1104BCAA8C43} = {5830EBA2-99DE-4FED-9CE4-7C94A20FD79C}
		{0A714433-28A9-4085-8C65-CAB5041CFB9C} = {5830EBA2-99DE-4FED-9CE4-7C94A20FD79C}
		{9396BC13-C1A4-4410-B656-7EC21FE7DF60} = {5830EBA2-99DE-4FED-9CE4-7C94A20FD79C}
		{63B96EA3-AF75-4A82-990C-869065845528} = {5830EBA2-99DE-4FED-9CE4-7C94A20FD79C}
		{12EC212C-A9E1-493B-BEFC-A8C9EF4ED297} = {5830EBA2-99DE-4FED-9CE4-7C94A20FD79C}
		{F80209FC-2EE2-4DFE-8D99-7F0D7ECD0DA7} = {5830EBA2-99DE-4FED-9CE4-7C94A20FD79C}
		{7E018370-A3FA-44B6-BCF2-2F6BBE9BBBE0} = {5830EBA2-99DE-4FED-9CE4-7C94A20FD79C}
		{4414BF0F-9FAE-4996-BF60-D1FB8730EA81} = {5830EBA2-99DE-4FED-9CE4-7C94A20FD79C}
	EndGlobalSection
	GlobalSection(SolutionConfigurationPlatforms) = preSolution
		Debug|Any CPU = Debug|Any CPU
		Release|Any CPU = Release|Any CPU
	EndGlobalSection
	GlobalSection(ProjectConfigurationPlatforms) = postSolution
		{7EF58E0A-4D64-453C-9FA0-7154EEEFA6AA}.Debug|Any CPU.ActiveCfg = Debug|Any CPU
		{7EF58E0A-4D64-453C-9FA0-7154EEEFA6AA}.Debug|Any CPU.Build.0 = Debug|Any CPU
		{7EF58E0A-4D64-453C-9FA0-7154EEEFA6AA}.Release|Any CPU.ActiveCfg = Release|Any CPU
		{7EF58E0A-4D64-453C-9FA0-7154EEEFA6AA}.Release|Any CPU.Build.0 = Release|Any CPU
		{B7CBD8D1-268A-4B94-8689-65C37301E831}.Debug|Any CPU.ActiveCfg = Debug|Any CPU
		{B7CBD8D1-268A-4B94-8689-65C37301E831}.Debug|Any CPU.Build.0 = Debug|Any CPU
		{B7CBD8D1-268A-4B94-8689-65C37301E831}.Release|Any CPU.ActiveCfg = Release|Any CPU
		{B7CBD8D1-268A-4B94-8689-65C37301E831}.Release|Any CPU.Build.0 = Release|Any CPU
		{D682A8D6-F052-4A1C-805B-CFB72D458004}.Debug|Any CPU.ActiveCfg = Debug|Any CPU
		{D682A8D6-F052-4A1C-805B-CFB72D458004}.Debug|Any CPU.Build.0 = Debug|Any CPU
		{D682A8D6-F052-4A1C-805B-CFB72D458004}.Release|Any CPU.ActiveCfg = Release|Any CPU
		{D682A8D6-F052-4A1C-805B-CFB72D458004}.Release|Any CPU.Build.0 = Release|Any CPU
		{FA042DCC-3073-4A40-A7C3-631111B1AB26}.Debug|Any CPU.ActiveCfg = Debug|Any CPU
		{FA042DCC-3073-4A40-A7C3-631111B1AB26}.Debug|Any CPU.Build.0 = Debug|Any CPU
		{FA042DCC-3073-4A40-A7C3-631111B1AB26}.Release|Any CPU.ActiveCfg = Release|Any CPU
		{FA042DCC-3073-4A40-A7C3-631111B1AB26}.Release|Any CPU.Build.0 = Release|Any CPU
		{F76CE847-9FA2-472E-8161-3508DAEFCD3C}.Debug|Any CPU.ActiveCfg = Debug|Any CPU
		{F76CE847-9FA2-472E-8161-3508DAEFCD3C}.Debug|Any CPU.Build.0 = Debug|Any CPU
		{F76CE847-9FA2-472E-8161-3508DAEFCD3C}.Release|Any CPU.ActiveCfg = Release|Any CPU
		{F76CE847-9FA2-472E-8161-3508DAEFCD3C}.Release|Any CPU.Build.0 = Release|Any CPU
		{04B56433-9097-4599-B528-6B01B2B2FEEC}.Debug|Any CPU.ActiveCfg = Debug|Any CPU
		{04B56433-9097-4599-B528-6B01B2B2FEEC}.Debug|Any CPU.Build.0 = Debug|Any CPU
		{04B56433-9097-4599-B528-6B01B2B2FEEC}.Release|Any CPU.ActiveCfg = Release|Any CPU
		{04B56433-9097-4599-B528-6B01B2B2FEEC}.Release|Any CPU.Build.0 = Release|Any CPU
		{4E0D98C1-5BE9-40D3-8A24-D7BFCED7C407}.Debug|Any CPU.ActiveCfg = Debug|Any CPU
		{4E0D98C1-5BE9-40D3-8A24-D7BFCED7C407}.Debug|Any CPU.Build.0 = Debug|Any CPU
		{4E0D98C1-5BE9-40D3-8A24-D7BFCED7C407}.Release|Any CPU.ActiveCfg = Release|Any CPU
		{4E0D98C1-5BE9-40D3-8A24-D7BFCED7C407}.Release|Any CPU.Build.0 = Release|Any CPU
		{410BA747-9E92-4BA0-A58F-1B6593D23605}.Debug|Any CPU.ActiveCfg = Debug|Any CPU
		{410BA747-9E92-4BA0-A58F-1B6593D23605}.Debug|Any CPU.Build.0 = Debug|Any CPU
		{410BA747-9E92-4BA0-A58F-1B6593D23605}.Release|Any CPU.ActiveCfg = Release|Any CPU
		{410BA747-9E92-4BA0-A58F-1B6593D23605}.Release|Any CPU.Build.0 = Release|Any CPU
		{B2FA6758-59D2-4D8C-A4EC-4DF23CFD9A88}.Debug|Any CPU.ActiveCfg = Debug|Any CPU
		{B2FA6758-59D2-4D8C-A4EC-4DF23CFD9A88}.Debug|Any CPU.Build.0 = Debug|Any CPU
		{B2FA6758-59D2-4D8C-A4EC-4DF23CFD9A88}.Release|Any CPU.ActiveCfg = Release|Any CPU
		{B2FA6758-59D2-4D8C-A4EC-4DF23CFD9A88}.Release|Any CPU.Build.0 = Release|Any CPU
		{B6C45EA0-366E-4EAC-A79D-BB637717B588}.Debug|Any CPU.ActiveCfg = Debug|Any CPU
		{B6C45EA0-366E-4EAC-A79D-BB637717B588}.Debug|Any CPU.Build.0 = Debug|Any CPU
		{B6C45EA0-366E-4EAC-A79D-BB637717B588}.Release|Any CPU.ActiveCfg = Release|Any CPU
		{B6C45EA0-366E-4EAC-A79D-BB637717B588}.Release|Any CPU.Build.0 = Release|Any CPU
		{DFA78B65-60FB-43DC-92B4-74E5EF73BAD6}.Debug|Any CPU.ActiveCfg = Debug|Any CPU
		{DFA78B65-60FB-43DC-92B4-74E5EF73BAD6}.Debug|Any CPU.Build.0 = Debug|Any CPU
		{DFA78B65-60FB-43DC-92B4-74E5EF73BAD6}.Release|Any CPU.ActiveCfg = Release|Any CPU
		{DFA78B65-60FB-43DC-92B4-74E5EF73BAD6}.Release|Any CPU.Build.0 = Release|Any CPU
		{ACDA99D8-20FA-416F-B82E-EAD9734C5091}.Debug|Any CPU.ActiveCfg = Debug|Any CPU
		{ACDA99D8-20FA-416F-B82E-EAD9734C5091}.Debug|Any CPU.Build.0 = Debug|Any CPU
		{ACDA99D8-20FA-416F-B82E-EAD9734C5091}.Release|Any CPU.ActiveCfg = Release|Any CPU
		{ACDA99D8-20FA-416F-B82E-EAD9734C5091}.Release|Any CPU.Build.0 = Release|Any CPU
		{7AAA4D4B-D04D-4F1B-8D4D-1104BCAA8C43}.Debug|Any CPU.ActiveCfg = Debug|Any CPU
		{7AAA4D4B-D04D-4F1B-8D4D-1104BCAA8C43}.Debug|Any CPU.Build.0 = Debug|Any CPU
		{7AAA4D4B-D04D-4F1B-8D4D-1104BCAA8C43}.Release|Any CPU.ActiveCfg = Release|Any CPU
		{7AAA4D4B-D04D-4F1B-8D4D-1104BCAA8C43}.Release|Any CPU.Build.0 = Release|Any CPU
		{A35A80A9-B309-4C02-A795-3F559D9FD43F}.Debug|Any CPU.ActiveCfg = Debug|Any CPU
		{A35A80A9-B309-4C02-A795-3F559D9FD43F}.Debug|Any CPU.Build.0 = Debug|Any CPU
		{A35A80A9-B309-4C02-A795-3F559D9FD43F}.Release|Any CPU.ActiveCfg = Release|Any CPU
		{A35A80A9-B309-4C02-A795-3F559D9FD43F}.Release|Any CPU.Build.0 = Release|Any CPU
		{863AA367-5C08-4E47-99B5-E916B961FEDE}.Debug|Any CPU.ActiveCfg = Debug|Any CPU
		{863AA367-5C08-4E47-99B5-E916B961FEDE}.Debug|Any CPU.Build.0 = Debug|Any CPU
		{863AA367-5C08-4E47-99B5-E916B961FEDE}.Release|Any CPU.ActiveCfg = Release|Any CPU
		{863AA367-5C08-4E47-99B5-E916B961FEDE}.Release|Any CPU.Build.0 = Release|Any CPU
		{581C0DF1-2507-41F6-B35B-FD6766B311A2}.Debug|Any CPU.ActiveCfg = Debug|Any CPU
		{581C0DF1-2507-41F6-B35B-FD6766B311A2}.Debug|Any CPU.Build.0 = Debug|Any CPU
		{581C0DF1-2507-41F6-B35B-FD6766B311A2}.Release|Any CPU.ActiveCfg = Release|Any CPU
		{581C0DF1-2507-41F6-B35B-FD6766B311A2}.Release|Any CPU.Build.0 = Release|Any CPU
		{0A714433-28A9-4085-8C65-CAB5041CFB9C}.Debug|Any CPU.ActiveCfg = Debug|Any CPU
		{0A714433-28A9-4085-8C65-CAB5041CFB9C}.Debug|Any CPU.Build.0 = Debug|Any CPU
		{0A714433-28A9-4085-8C65-CAB5041CFB9C}.Release|Any CPU.ActiveCfg = Release|Any CPU
		{0A714433-28A9-4085-8C65-CAB5041CFB9C}.Release|Any CPU.Build.0 = Release|Any CPU
		{9396BC13-C1A4-4410-B656-7EC21FE7DF60}.Debug|Any CPU.ActiveCfg = Debug|Any CPU
		{9396BC13-C1A4-4410-B656-7EC21FE7DF60}.Debug|Any CPU.Build.0 = Debug|Any CPU
		{9396BC13-C1A4-4410-B656-7EC21FE7DF60}.Release|Any CPU.ActiveCfg = Release|Any CPU
		{9396BC13-C1A4-4410-B656-7EC21FE7DF60}.Release|Any CPU.Build.0 = Release|Any CPU
		{63B96EA3-AF75-4A82-990C-869065845528}.Debug|Any CPU.ActiveCfg = Debug|Any CPU
		{63B96EA3-AF75-4A82-990C-869065845528}.Debug|Any CPU.Build.0 = Debug|Any CPU
		{63B96EA3-AF75-4A82-990C-869065845528}.Release|Any CPU.ActiveCfg = Release|Any CPU
		{63B96EA3-AF75-4A82-990C-869065845528}.Release|Any CPU.Build.0 = Release|Any CPU
		{12EC212C-A9E1-493B-BEFC-A8C9EF4ED297}.Debug|Any CPU.ActiveCfg = Debug|Any CPU
		{12EC212C-A9E1-493B-BEFC-A8C9EF4ED297}.Debug|Any CPU.Build.0 = Debug|Any CPU
		{12EC212C-A9E1-493B-BEFC-A8C9EF4ED297}.Release|Any CPU.ActiveCfg = Release|Any CPU
		{12EC212C-A9E1-493B-BEFC-A8C9EF4ED297}.Release|Any CPU.Build.0 = Release|Any CPU
		{F80209FC-2EE2-4DFE-8D99-7F0D7ECD0DA7}.Debug|Any CPU.ActiveCfg = Debug|Any CPU
		{F80209FC-2EE2-4DFE-8D99-7F0D7ECD0DA7}.Debug|Any CPU.Build.0 = Debug|Any CPU
		{F80209FC-2EE2-4DFE-8D99-7F0D7ECD0DA7}.Release|Any CPU.ActiveCfg = Release|Any CPU
		{F80209FC-2EE2-4DFE-8D99-7F0D7ECD0DA7}.Release|Any CPU.Build.0 = Release|Any CPU
		{7E018370-A3FA-44B6-BCF2-2F6BBE9BBBE0}.Debug|Any CPU.ActiveCfg = Debug|Any CPU
		{7E018370-A3FA-44B6-BCF2-2F6BBE9BBBE0}.Debug|Any CPU.Build.0 = Debug|Any CPU
		{7E018370-A3FA-44B6-BCF2-2F6BBE9BBBE0}.Release|Any CPU.ActiveCfg = Release|Any CPU
		{7E018370-A3FA-44B6-BCF2-2F6BBE9BBBE0}.Release|Any CPU.Build.0 = Release|Any CPU
		{1FA0D643-ADBB-4188-B5AD-21F1044463CF}.Debug|Any CPU.ActiveCfg = Debug|Any CPU
		{1FA0D643-ADBB-4188-B5AD-21F1044463CF}.Debug|Any CPU.Build.0 = Debug|Any CPU
		{1FA0D643-ADBB-4188-B5AD-21F1044463CF}.Release|Any CPU.ActiveCfg = Release|Any CPU
		{1FA0D643-ADBB-4188-B5AD-21F1044463CF}.Release|Any CPU.Build.0 = Release|Any CPU
		{4414BF0F-9FAE-4996-BF60-D1FB8730EA81}.Debug|Any CPU.ActiveCfg = Debug|Any CPU
		{4414BF0F-9FAE-4996-BF60-D1FB8730EA81}.Debug|Any CPU.Build.0 = Debug|Any CPU
		{4414BF0F-9FAE-4996-BF60-D1FB8730EA81}.Release|Any CPU.ActiveCfg = Release|Any CPU
		{4414BF0F-9FAE-4996-BF60-D1FB8730EA81}.Release|Any CPU.Build.0 = Release|Any CPU
		{595F857C-7685-4BD6-BABB-398DEF879B70}.Debug|Any CPU.ActiveCfg = Debug|Any CPU
		{595F857C-7685-4BD6-BABB-398DEF879B70}.Debug|Any CPU.Build.0 = Debug|Any CPU
		{595F857C-7685-4BD6-BABB-398DEF879B70}.Release|Any CPU.ActiveCfg = Release|Any CPU
		{595F857C-7685-4BD6-BABB-398DEF879B70}.Release|Any CPU.Build.0 = Release|Any CPU
		{C8C792B1-5D36-4E43-86DF-C289B2144665}.Debug|Any CPU.ActiveCfg = Debug|Any CPU
		{C8C792B1-5D36-4E43-86DF-C289B2144665}.Debug|Any CPU.Build.0 = Debug|Any CPU
		{C8C792B1-5D36-4E43-86DF-C289B2144665}.Release|Any CPU.ActiveCfg = Release|Any CPU
		{C8C792B1-5D36-4E43-86DF-C289B2144665}.Release|Any CPU.Build.0 = Release|Any CPU
		{DF0C0C42-E820-42C0-864A-CF22581DEAD9}.Debug|Any CPU.ActiveCfg = Debug|Any CPU
		{DF0C0C42-E820-42C0-864A-CF22581DEAD9}.Debug|Any CPU.Build.0 = Debug|Any CPU
		{DF0C0C42-E820-42C0-864A-CF22581DEAD9}.Release|Any CPU.ActiveCfg = Release|Any CPU
		{DF0C0C42-E820-42C0-864A-CF22581DEAD9}.Release|Any CPU.Build.0 = Release|Any CPU
	EndGlobalSection
	GlobalSection(SolutionProperties) = preSolution
		HideSolutionNode = FALSE
	EndGlobalSection
	GlobalSection(ExtensibilityGlobals) = postSolution
		SolutionGuid = {A731DB8F-44A8-4E00-B6DC-356E734FA925}
	EndGlobalSection
EndGlobal
